
Microsoft Visual Studio Solution File, Format Version 12.00
# Visual Studio Version 16
VisualStudioVersion = 16.0.30503.244
MinimumVisualStudioVersion = 10.0.40219.1
Project("{FAE04EC0-301F-11D3-BF4B-00C04F79EFBC}") = "Movify", "Movify\Movify.csproj", "{82E1197F-7C8B-4667-98FC-D4DED0A6096D}"
EndProject
Global
	GlobalSection(SolutionConfigurationPlatforms) = preSolution
		Debug|Any CPU = Debug|Any CPU
		Release|Any CPU = Release|Any CPU
	EndGlobalSection
	GlobalSection(ProjectConfigurationPlatforms) = postSolution
		{82E1197F-7C8B-4667-98FC-D4DED0A6096D}.Debug|Any CPU.ActiveCfg = Debug|Any CPU
		{82E1197F-7C8B-4667-98FC-D4DED0A6096D}.Debug|Any CPU.Build.0 = Debug|Any CPU
		{82E1197F-7C8B-4667-98FC-D4DED0A6096D}.Release|Any CPU.ActiveCfg = Release|Any CPU
		{82E1197F-7C8B-4667-98FC-D4DED0A6096D}.Release|Any CPU.Build.0 = Release|Any CPU
	EndGlobalSection
	GlobalSection(SolutionProperties) = preSolution
		HideSolutionNode = FALSE
	EndGlobalSection
	GlobalSection(ExtensibilityGlobals) = postSolution
		SolutionGuid = {AAB4D790-9CB8-4836-9934-575CD7897B6F}
	EndGlobalSection
EndGlobal
